
Microsoft Visual Studio Solution File, Format Version 12.00
# Visual Studio Version 17
VisualStudioVersion = 17.1.32421.90
MinimumVisualStudioVersion = 10.0.40219.1
Project("{FAE04EC0-301F-11D3-BF4B-00C04F79EFBC}") = "WebApiAjax", "WebApiAjax\WebApiAjax.csproj", "{6502091D-62C8-4D5D-B0C0-7532D5E98CEC}"
EndProject
Global
	GlobalSection(SolutionConfigurationPlatforms) = preSolution
		Debug|Any CPU = Debug|Any CPU
		Release|Any CPU = Release|Any CPU
	EndGlobalSection
	GlobalSection(ProjectConfigurationPlatforms) = postSolution
		{6502091D-62C8-4D5D-B0C0-7532D5E98CEC}.Debug|Any CPU.ActiveCfg = Debug|Any CPU
		{6502091D-62C8-4D5D-B0C0-7532D5E98CEC}.Debug|Any CPU.Build.0 = Debug|Any CPU
		{6502091D-62C8-4D5D-B0C0-7532D5E98CEC}.Release|Any CPU.ActiveCfg = Release|Any CPU
		{6502091D-62C8-4D5D-B0C0-7532D5E98CEC}.Release|Any CPU.Build.0 = Release|Any CPU
	EndGlobalSection
	GlobalSection(SolutionProperties) = preSolution
		HideSolutionNode = FALSE
	EndGlobalSection
	GlobalSection(ExtensibilityGlobals) = postSolution
		SolutionGuid = {B78F2113-C98A-4DAF-A0B0-06D73F1C8DDF}
	EndGlobalSection
EndGlobal
